
Microsoft Visual Studio Solution File, Format Version 12.00
# Visual Studio Version 17
VisualStudioVersion = 17.8.34511.84
MinimumVisualStudioVersion = 10.0.40219.1
Project("{FAE04EC0-301F-11D3-BF4B-00C04F79EFBC}") = "CalcularIMC", "CalcularIMC\CalcularIMC.csproj", "{257BEA90-99CA-4652-921A-73FD402AA403}"
EndProject
Global
	GlobalSection(SolutionConfigurationPlatforms) = preSolution
		Debug|Any CPU = Debug|Any CPU
		Release|Any CPU = Release|Any CPU
	EndGlobalSection
	GlobalSection(ProjectConfigurationPlatforms) = postSolution
		{257BEA90-99CA-4652-921A-73FD402AA403}.Debug|Any CPU.ActiveCfg = Debug|Any CPU
		{257BEA90-99CA-4652-921A-73FD402AA403}.Debug|Any CPU.Build.0 = Debug|Any CPU
		{257BEA90-99CA-4652-921A-73FD402AA403}.Release|Any CPU.ActiveCfg = Release|Any CPU
		{257BEA90-99CA-4652-921A-73FD402AA403}.Release|Any CPU.Build.0 = Release|Any CPU
	EndGlobalSection
	GlobalSection(SolutionProperties) = preSolution
		HideSolutionNode = FALSE
	EndGlobalSection
	GlobalSection(ExtensibilityGlobals) = postSolution
		SolutionGuid = {604145A4-5B38-4A04-B15E-D7B8C8684D4E}
	EndGlobalSection
EndGlobal
